{
  "nodes": {
    "flake-utils": {
      "locked": {
        "lastModified": 1634851050,
        "narHash": "sha256-N83GlSGPJJdcqhUxSCS/WwW5pksYf3VP1M13cDRTSVA=",
        "owner": "numtide",
        "repo": "flake-utils",
        "rev": "c91f3de5adaf1de973b797ef7485e441a65b8935",
        "type": "github"
      },
      "original": {
        "owner": "numtide",
        "repo": "flake-utils",
        "type": "github"
      }
    },
    "nixpkgs": {
      "locked": {
        "lastModified": 1635781173,
        "narHash": "sha256-nTA2y2jIJiVj5RawHUNhlZUIy5J/Q2CA6YP4T1qBkLo=",
        "owner": "NixOS",
        "repo": "nixpkgs",
        "rev": "7053541084bf5ce2921ef307e5585d39d7ba8b3f",
        "type": "github"
      },
      "original": {
        "id": "nixpkgs",
        "type": "indirect"
      }
    },
    "nixpkgs_2": {
      "locked": {
        "lastModified": 1684754342,
        "narHash": "sha256-plGnjnbnPLoZCTdQX21oT7xliQhFtgcWlkuDHgtEb1o=",
        "owner": "nixos",
        "repo": "nixpkgs",
        "rev": "7084250df3d7f9735087d3234407f3c1fc2400e3",
        "type": "github"
      },
      "original": {
        "owner": "nixos",
        "ref": "nixos-unstable",
        "repo": "nixpkgs",
        "type": "github"
      }
    },
    "pageturtle": {
      "inputs": {
        "nixpkgs": "nixpkgs_2",
        "utils": "utils"
      },
      "locked": {
        "lastModified": 1685332464,
        "narHash": "sha256-7aO0dlRaLpjtyS1VzUxQel9/diUQ+x31kKw5pMmOsK8=",
        "owner": "viniciusmuller",
        "repo": "pageturtle",
        "rev": "e999f5e4d7c4000b33c91d1eb2b46af5ec6ca42a",
        "type": "github"
      },
      "original": {
        "owner": "viniciusmuller",
        "repo": "pageturtle",
        "type": "github"
      }
    },
    "root": {
      "inputs": {
        "flake-utils": "flake-utils",
        "nixpkgs": "nixpkgs",
        "pageturtle": "pageturtle"
      }
    },
    "systems": {
      "locked": {
        "lastModified": 1681028828,
        "narHash": "sha256-Vy1rq5AaRuLzOxct8nz4T6wlgyUR7zLU309k9mBC768=",
        "owner": "nix-systems",
        "repo": "default",
        "rev": "da67096a3b9bf56a91d16901293e51ba5b49a27e",
        "type": "github"
      },
      "original": {
        "owner": "nix-systems",
        "repo": "default",
        "type": "github"
      }
    },
    "utils": {
      "inputs": {
        "systems": "systems"
      },
      "locked": {
        "lastModified": 1681202837,
        "narHash": "sha256-H+Rh19JDwRtpVPAWp64F+rlEtxUWBAQW28eAi3SRSzg=",
        "owner": "numtide",
        "repo": "flake-utils",
        "rev": "cfacdce06f30d2b68473a46042957675eebb3401",
        "type": "github"
      },
      "original": {
        "owner": "numtide",
        "repo": "flake-utils",
        "type": "github"
      }
    }
  },
  "root": "root",
  "version": 7
}
